PODS:
  - NIMSDK (3.2.0)
  - SDWebImage (4.0.0-beta2):
    - SDWebImage/Core (= 4.0.0-beta2)
  - SDWebImage/Core (4.0.0-beta2)

DEPENDENCIES:
  - NIMSDK (~> 3.2.0)
  - SDWebImage (~> 4.0.0-beta2)

SPEC CHECKSUMS:
  NIMSDK: bc61bcec10393a0c213ba0dc0f8f7e0ceb9bd48c
  SDWebImage: e379f33106cf8d6766f970c0ef1c3fb609c94d78

PODFILE CHECKSUM: 0469e0d0a46eafb2b505101f2eed32671b9f8c2f

COCOAPODS: 1.2.0.beta.1
